{
  "name": "Line-Workers-Template",
  "lockfileVersion": 3,
  "requires": true,
  "packages": {
    "": {
      "devDependencies": {
        "@cloudflare/workers-types": "^4.20260129.0"
      }
    },
    "node_modules/@cloudflare/workers-types": {
      "version": "4.20260129.0",
      "resolved": "https://registry.npmjs.org/@cloudflare/workers-types/-/workers-types-4.20260129.0.tgz",
      "integrity": "sha512-ytqtGV7L60HI/BL/p6tY1A5DIIlNl0NX+wiNeGTyB6e65x1HEeZrceVzL5RsVws7xMsBpF+2VAlm/3ga3c7Txg==",
      "dev": true,
      "license": "MIT OR Apache-2.0"
    }
  }
}
